
Microsoft Visual Studio Solution File, Format Version 12.00
# Visual Studio Version 17
VisualStudioVersion = 17.4.33122.133
MinimumVisualStudioVersion = 10.0.40219.1
Project("{FAE04EC0-301F-11D3-BF4B-00C04F79EFBC}") = "MVC_tasks", "MVC_tasks\MVC_tasks.csproj", "{5D1A572B-B290-46E6-B963-AE902F0CE32F}"
EndProject
Global
	GlobalSection(SolutionConfigurationPlatforms) = preSolution
		Debug|Any CPU = Debug|Any CPU
		Release|Any CPU = Release|Any CPU
	EndGlobalSection
	GlobalSection(ProjectConfigurationPlatforms) = postSolution
		{5D1A572B-B290-46E6-B963-AE902F0CE32F}.Debug|Any CPU.ActiveCfg = Debug|Any CPU
		{5D1A572B-B290-46E6-B963-AE902F0CE32F}.Debug|Any CPU.Build.0 = Debug|Any CPU
		{5D1A572B-B290-46E6-B963-AE902F0CE32F}.Release|Any CPU.ActiveCfg = Release|Any CPU
		{5D1A572B-B290-46E6-B963-AE902F0CE32F}.Release|Any CPU.Build.0 = Release|Any CPU
	EndGlobalSection
	GlobalSection(SolutionProperties) = preSolution
		HideSolutionNode = FALSE
	EndGlobalSection
	GlobalSection(ExtensibilityGlobals) = postSolution
		SolutionGuid = {9A6469EF-D2DA-41C1-BEB2-F9D6058A4FCB}
	EndGlobalSection
EndGlobal
